// !$*UTF8*$!
{
	archiveVersion = 1;
	classes = {
	};
	objectVersion = 55;
	objects = {

/* Begin PBXBuildFile section */
		9200210B289B970500C2BE5C /* MediaType.swift in Sources */ = {isa = PBXBuildFile; fileRef = 9200210A289B970500C2BE5C /* MediaType.swift */; };
		9200210D289BA07700C2BE5C /* MediaDetailViewController.swift in Sources */ = {isa = PBXBuildFile; fileRef = 9200210C289BA07700C2BE5C /* MediaDetailViewController.swift */; };
		9200210F289BA83700C2BE5C /* CastResponse.swift in Sources */ = {isa = PBXBuildFile; fileRef = 9200210E289BA83700C2BE5C /* CastResponse.swift */; };
		92002116289BAB8A00C2BE5C /* CastTableViewCell.swift in Sources */ = {isa = PBXBuildFile; fileRef = 92002114289BAB8A00C2BE5C /* CastTableViewCell.swift */; };
		92002117289BAB8A00C2BE5C /* CastTableViewCell.xib in Resources */ = {isa = PBXBuildFile; fileRef = 92002115289BAB8A00C2BE5C /* CastTableViewCell.xib */; };
		9200211A289BABC500C2BE5C /* OverviewTableViewCell.swift in Sources */ = {isa = PBXBuildFile; fileRef = 92002118289BABC500C2BE5C /* OverviewTableViewCell.swift */; };
		9200211B289BABC500C2BE5C /* OverviewTableViewCell.xib in Resources */ = {isa = PBXBuildFile; fileRef = 92002119289BABC500C2BE5C /* OverviewTableViewCell.xib */; };
		92002125289C21A800C2BE5C /* DetailHeaderView.swift in Sources */ = {isa = PBXBuildFile; fileRef = 92002124289C21A800C2BE5C /* DetailHeaderView.swift */; };
		923D8AB628AB864B003C143B /* Alamofire in Frameworks */ = {isa = PBXBuildFile; productRef = 923D8AB528AB864B003C143B /* Alamofire */; };
		923D8AB928AB8658003C143B /* SwiftyJSON in Frameworks */ = {isa = PBXBuildFile; productRef = 923D8AB828AB8658003C143B /* SwiftyJSON */; };
		923D8ABC28AB8669003C143B /* Kingfisher in Frameworks */ = {isa = PBXBuildFile; productRef = 923D8ABB28AB8669003C143B /* Kingfisher */; };
		927A8AF428A3C2610029892F /* MainTableViewSection.swift in Sources */ = {isa = PBXBuildFile; fileRef = 927A8AF328A3C2610029892F /* MainTableViewSection.swift */; };
		927A8AF628A3C4730029892F /* TMDBMovieAPIManager.swift in Sources */ = {isa = PBXBuildFile; fileRef = 927A8AF528A3C4730029892F /* TMDBMovieAPIManager.swift */; };
		927A8AF928A3CA830029892F /* MovieResponse.swift in Sources */ = {isa = PBXBuildFile; fileRef = 927A8AF828A3CA830029892F /* MovieResponse.swift */; };
		927A8AFE28A472E10029892F /* UIViewController+Extension.swift in Sources */ = {isa = PBXBuildFile; fileRef = 927A8AFD28A472E10029892F /* UIViewController+Extension.swift */; };
		927A8B0028A475AB0029892F /* MovieDetailResponse.swift in Sources */ = {isa = PBXBuildFile; fileRef = 927A8AFF28A475AB0029892F /* MovieDetailResponse.swift */; };
		927AFD1728A078C300A8BBEB /* TrendingMediaAPIManager.swift in Sources */ = {isa = PBXBuildFile; fileRef = 927AFD1628A078C300A8BBEB /* TrendingMediaAPIManager.swift */; };
		927AFD1928A08B5800A8BBEB /* MediaCreditAPIManager.swift in Sources */ = {isa = PBXBuildFile; fileRef = 927AFD1828A08B5800A8BBEB /* MediaCreditAPIManager.swift */; };
		927AFD5D28A11EBD00A8BBEB /* VideoWebViewController.swift in Sources */ = {isa = PBXBuildFile; fileRef = 927AFD5C28A11EBD00A8BBEB /* VideoWebViewController.swift */; };
		927AFD5F28A1206B00A8BBEB /* MediaVideoAPIManager.swift in Sources */ = {isa = PBXBuildFile; fileRef = 927AFD5E28A1206B00A8BBEB /* MediaVideoAPIManager.swift */; };
		927AFD6128A12AC700A8BBEB /* EndPoint.swift in Sources */ = {isa = PBXBuildFile; fileRef = 927AFD6028A12AC700A8BBEB /* EndPoint.swift */; };
		927AFD6328A12B1600A8BBEB /* URL+Extension.swift in Sources */ = {isa = PBXBuildFile; fileRef = 927AFD6228A12B1600A8BBEB /* URL+Extension.swift */; };
		927EF5E1289AC72600C83A0F /* NavigationViewController.swift in Sources */ = {isa = PBXBuildFile; fileRef = 927EF5E0289AC72600C83A0F /* NavigationViewController.swift */; };
		927EF5E3289ACB0000C83A0F /* UIImageView+Extension.swift in Sources */ = {isa = PBXBuildFile; fileRef = 927EF5E2289ACB0000C83A0F /* UIImageView+Extension.swift */; };
		928A2A0D28A4FFCB0033FEC8 /* MapViewController.swift in Sources */ = {isa = PBXBuildFile; fileRef = 928A2A0C28A4FFCB0033FEC8 /* MapViewController.swift */; };
		928A2A0F28A500160033FEC8 /* MyMedia.storyboard in Resources */ = {isa = PBXBuildFile; fileRef = 928A2A0E28A500160033FEC8 /* MyMedia.storyboard */; };
		928A2A1428A500E30033FEC8 /* TheaterDataModel.swift in Sources */ = {isa = PBXBuildFile; fileRef = 928A2A1328A500E30033FEC8 /* TheaterDataModel.swift */; };
		929055A228A25716007E33A6 /* MainTableViewCell.swift in Sources */ = {isa = PBXBuildFile; fileRef = 929055A028A25716007E33A6 /* MainTableViewCell.swift */; };
		929055A328A25716007E33A6 /* MainTableViewCell.xib in Resources */ = {isa = PBXBuildFile; fileRef = 929055A128A25716007E33A6 /* MainTableViewCell.xib */; };
		929055A628A25773007E33A6 /* MediaCardView.xib in Resources */ = {isa = PBXBuildFile; fileRef = 929055A528A25773007E33A6 /* MediaCardView.xib */; };
		929055A828A2578E007E33A6 /* MediaCardView.swift in Sources */ = {isa = PBXBuildFile; fileRef = 929055A728A2578E007E33A6 /* MediaCardView.swift */; };
		929055AB28A25B3B007E33A6 /* MainCollectionViewCell.swift in Sources */ = {isa = PBXBuildFile; fileRef = 929055A928A25B3B007E33A6 /* MainCollectionViewCell.swift */; };
		929055AC28A25B3B007E33A6 /* MainCollectionViewCell.xib in Resources */ = {isa = PBXBuildFile; fileRef = 929055AA28A25B3B007E33A6 /* MainCollectionViewCell.xib */; };
		929055B028A26CAA007E33A6 /* MainHeaderView.xib in Resources */ = {isa = PBXBuildFile; fileRef = 929055AF28A26CAA007E33A6 /* MainHeaderView.xib */; };
		929055B228A272EE007E33A6 /* MainHeaderView.swift in Sources */ = {isa = PBXBuildFile; fileRef = 929055B128A272EE007E33A6 /* MainHeaderView.swift */; };
		929055B428A28ECC007E33A6 /* MainMovieHeaderView.swift in Sources */ = {isa = PBXBuildFile; fileRef = 929055B328A28ECC007E33A6 /* MainMovieHeaderView.swift */; };
		92AC0D3D2899F6FB001A3757 /* AppDelegate.swift in Sources */ = {isa = PBXBuildFile; fileRef = 92AC0D3C2899F6FB001A3757 /* AppDelegate.swift */; };
		92AC0D3F2899F6FB001A3757 /* SceneDelegate.swift in Sources */ = {isa = PBXBuildFile; fileRef = 92AC0D3E2899F6FB001A3757 /* SceneDelegate.swift */; };
		92AC0D412899F6FB001A3757 /* MainViewController.swift in Sources */ = {isa = PBXBuildFile; fileRef = 92AC0D402899F6FB001A3757 /* MainViewController.swift */; };
		92AC0D442899F6FB001A3757 /* Main.storyboard in Resources */ = {isa = PBXBuildFile; fileRef = 92AC0D422899F6FB001A3757 /* Main.storyboard */; };
		92AC0D462899F6FC001A3757 /* Assets.xcassets in Resources */ = {isa = PBXBuildFile; fileRef = 92AC0D452899F6FC001A3757 /* Assets.xcassets */; };
		92AC0D492899F6FC001A3757 /* LaunchScreen.storyboard in Resources */ = {isa = PBXBuildFile; fileRef = 92AC0D472899F6FC001A3757 /* LaunchScreen.storyboard */; };
		92AC0D512899F7D3001A3757 /* .gitignore in Resources */ = {isa = PBXBuildFile; fileRef = 92AC0D502899F7D3001A3757 /* .gitignore */; };
		92AC0D5B2899F92D001A3757 /* APIKey.swift in Sources */ = {isa = PBXBuildFile; fileRef = 92AC0D5A2899F92D001A3757 /* APIKey.swift */; };
		92AC0D62289A7B0D001A3757 /* URLConstant.swift in Sources */ = {isa = PBXBuildFile; fileRef = 92AC0D61289A7B0D001A3757 /* URLConstant.swift */; };
		92AC0D65289A7B96001A3757 /* Trend.storyboard in Resources */ = {isa = PBXBuildFile; fileRef = 92AC0D64289A7B96001A3757 /* Trend.storyboard */; };
		92AC0D6B289A7BDE001A3757 /* TrendingMediaViewController.swift in Sources */ = {isa = PBXBuildFile; fileRef = 92AC0D6A289A7BDE001A3757 /* TrendingMediaViewController.swift */; };
		92AC0D75289A89A7001A3757 /* TrendingMediaResponse.swift in Sources */ = {isa = PBXBuildFile; fileRef = 92AC0D74289A89A7001A3757 /* TrendingMediaResponse.swift */; };
		92AC0D7A289AA79B001A3757 /* TrendingMediaCollectionViewCell.swift in Sources */ = {isa = PBXBuildFile; fileRef = 92AC0D78289AA79B001A3757 /* TrendingMediaCollectionViewCell.swift */; };
		92AC0D7B289AA79B001A3757 /* TrendingMediaCollectionViewCell.xib in Resources */ = {isa = PBXBuildFile; fileRef = 92AC0D79289AA79B001A3757 /* TrendingMediaCollectionViewCell.xib */; };
		92AC0D7F289AA81F001A3757 /* ReusableViewProtocol.swift in Sources */ = {isa = PBXBuildFile; fileRef = 92AC0D7E289AA81F001A3757 /* ReusableViewProtocol.swift */; };
		92AC0D82289AB685001A3757 /* CALayer+Extension.swift in Sources */ = {isa = PBXBuildFile; fileRef = 92AC0D81289AB684001A3757 /* CALayer+Extension.swift */; };
		92AC0D84289ABA17001A3757 /* String+Extension.swift in Sources */ = {isa = PBXBuildFile; fileRef = 92AC0D83289ABA17001A3757 /* String+Extension.swift */; };
		92AC0D86289ABA31001A3757 /* Date+Extension.swift in Sources */ = {isa = PBXBuildFile; fileRef = 92AC0D85289ABA31001A3757 /* Date+Extension.swift */; };
/* End PBXBuildFile section */

/* Begin PBXContainerItemProxy section */
		923D8AC228AB8704003C143B /* PBXContainerItemProxy */ = {
			isa = PBXContainerItemProxy;
			containerPortal = 923D8ABD28AB8704003C143B /* SokyteUIFramework.xcodeproj */;
			proxyType = 2;
			remoteGlobalIDString = 9220630428AB27D2004988A1;
			remoteInfo = SokyteUIFramework;
		};
		923D8AC428AB8704003C143B /* PBXContainerItemProxy */ = {
			isa = PBXContainerItemProxy;
			containerPortal = 923D8ABD28AB8704003C143B /* SokyteUIFramework.xcodeproj */;
			proxyType = 2;
			remoteGlobalIDString = 9220630E28AB27D2004988A1;
			remoteInfo = SokyteUIFrameworkTests;
		};
/* End PBXContainerItemProxy section */

/* Begin PBXFileReference section */
		9200210A289B970500C2BE5C /* MediaType.swift */ = {isa = PBXFileReference; lastKnownFileType = sourcecode.swift; path = MediaType.swift; sourceTree = "<group>"; };
		9200210C289BA07700C2BE5C /* MediaDetailViewController.swift */ = {isa = PBXFileReference; lastKnownFileType = sourcecode.swift; path = MediaDetailViewController.swift; sourceTree = "<group>"; };
		9200210E289BA83700C2BE5C /* CastResponse.swift */ = {isa = PBXFileReference; lastKnownFileType = sourcecode.swift; path = CastResponse.swift; sourceTree = "<group>"; };
		92002114289BAB8A00C2BE5C /* CastTableViewCell.swift */ = {isa = PBXFileReference; lastKnownFileType = sourcecode.swift; path = CastTableViewCell.swift; sourceTree = "<group>"; };
		92002115289BAB8A00C2BE5C /* CastTableViewCell.xib */ = {isa = PBXFileReference; lastKnownFileType = file.xib; path = CastTableViewCell.xib; sourceTree = "<group>"; };
		92002118289BABC500C2BE5C /* OverviewTableViewCell.swift */ = {isa = PBXFileReference; lastKnownFileType = sourcecode.swift; path = OverviewTableViewCell.swift; sourceTree = "<group>"; };
		92002119289BABC500C2BE5C /* OverviewTableViewCell.xib */ = {isa = PBXFileReference; lastKnownFileType = file.xib; path = OverviewTableViewCell.xib; sourceTree = "<group>"; };
		92002124289C21A800C2BE5C /* DetailHeaderView.swift */ = {isa = PBXFileReference; lastKnownFileType = sourcecode.swift; path = DetailHeaderView.swift; sourceTree = "<group>"; };
		923D8ABD28AB8704003C143B /* SokyteUIFramework.xcodeproj */ = {isa = PBXFileReference; lastKnownFileType = "wrapper.pb-project"; name = SokyteUIFramework.xcodeproj; path = "../../SSAC-Three/SokyteUIFramework/SokyteUIFramework.xcodeproj"; sourceTree = "<group>"; };
		927A8AF328A3C2610029892F /* MainTableViewSection.swift */ = {isa = PBXFileReference; lastKnownFileType = sourcecode.swift; path = MainTableViewSection.swift; sourceTree = "<group>"; };
		927A8AF528A3C4730029892F /* TMDBMovieAPIManager.swift */ = {isa = PBXFileReference; lastKnownFileType = sourcecode.swift; path = TMDBMovieAPIManager.swift; sourceTree = "<group>"; };
		927A8AF828A3CA830029892F /* MovieResponse.swift */ = {isa = PBXFileReference; lastKnownFileType = sourcecode.swift; path = MovieResponse.swift; sourceTree = "<group>"; };
		927A8AFD28A472E10029892F /* UIViewController+Extension.swift */ = {isa = PBXFileReference; lastKnownFileType = sourcecode.swift; path = "UIViewController+Extension.swift"; sourceTree = "<group>"; };
		927A8AFF28A475AB0029892F /* MovieDetailResponse.swift */ = {isa = PBXFileReference; lastKnownFileType = sourcecode.swift; path = MovieDetailResponse.swift; sourceTree = "<group>"; };
		927AFD1628A078C300A8BBEB /* TrendingMediaAPIManager.swift */ = {isa = PBXFileReference; lastKnownFileType = sourcecode.swift; path = TrendingMediaAPIManager.swift; sourceTree = "<group>"; };
		927AFD1828A08B5800A8BBEB /* MediaCreditAPIManager.swift */ = {isa = PBXFileReference; lastKnownFileType = sourcecode.swift; path = MediaCreditAPIManager.swift; sourceTree = "<group>"; };
		927AFD5C28A11EBD00A8BBEB /* VideoWebViewController.swift */ = {isa = PBXFileReference; lastKnownFileType = sourcecode.swift; path = VideoWebViewController.swift; sourceTree = "<group>"; };
		927AFD5E28A1206B00A8BBEB /* MediaVideoAPIManager.swift */ = {isa = PBXFileReference; lastKnownFileType = sourcecode.swift; path = MediaVideoAPIManager.swift; sourceTree = "<group>"; };
		927AFD6028A12AC700A8BBEB /* EndPoint.swift */ = {isa = PBXFileReference; lastKnownFileType = sourcecode.swift; path = EndPoint.swift; sourceTree = "<group>"; };
		927AFD6228A12B1600A8BBEB /* URL+Extension.swift */ = {isa = PBXFileReference; lastKnownFileType = sourcecode.swift; path = "URL+Extension.swift"; sourceTree = "<group>"; };
		927EF5E0289AC72600C83A0F /* NavigationViewController.swift */ = {isa = PBXFileReference; lastKnownFileType = sourcecode.swift; path = NavigationViewController.swift; sourceTree = "<group>"; };
		927EF5E2289ACB0000C83A0F /* UIImageView+Extension.swift */ = {isa = PBXFileReference; lastKnownFileType = sourcecode.swift; path = "UIImageView+Extension.swift"; sourceTree = "<group>"; };
		928A2A0C28A4FFCB0033FEC8 /* MapViewController.swift */ = {isa = PBXFileReference; lastKnownFileType = sourcecode.swift; path = MapViewController.swift; sourceTree = "<group>"; };
		928A2A0E28A500160033FEC8 /* MyMedia.storyboard */ = {isa = PBXFileReference; lastKnownFileType = file.storyboard; path = MyMedia.storyboard; sourceTree = "<group>"; };
		928A2A1328A500E30033FEC8 /* TheaterDataModel.swift */ = {isa = PBXFileReference; lastKnownFileType = sourcecode.swift; path = TheaterDataModel.swift; sourceTree = "<group>"; };
		929055A028A25716007E33A6 /* MainTableViewCell.swift */ = {isa = PBXFileReference; lastKnownFileType = sourcecode.swift; path = MainTableViewCell.swift; sourceTree = "<group>"; };
		929055A128A25716007E33A6 /* MainTableViewCell.xib */ = {isa = PBXFileReference; lastKnownFileType = file.xib; path = MainTableViewCell.xib; sourceTree = "<group>"; };
		929055A528A25773007E33A6 /* MediaCardView.xib */ = {isa = PBXFileReference; lastKnownFileType = file.xib; path = MediaCardView.xib; sourceTree = "<group>"; };
		929055A728A2578E007E33A6 /* MediaCardView.swift */ = {isa = PBXFileReference; lastKnownFileType = sourcecode.swift; path = MediaCardView.swift; sourceTree = "<group>"; };
		929055A928A25B3B007E33A6 /* MainCollectionViewCell.swift */ = {isa = PBXFileReference; lastKnownFileType = sourcecode.swift; path = MainCollectionViewCell.swift; sourceTree = "<group>"; };
		929055AA28A25B3B007E33A6 /* MainCollectionViewCell.xib */ = {isa = PBXFileReference; lastKnownFileType = file.xib; path = MainCollectionViewCell.xib; sourceTree = "<group>"; };
		929055AF28A26CAA007E33A6 /* MainHeaderView.xib */ = {isa = PBXFileReference; lastKnownFileType = file.xib; path = MainHeaderView.xib; sourceTree = "<group>"; };
		929055B128A272EE007E33A6 /* MainHeaderView.swift */ = {isa = PBXFileReference; lastKnownFileType = sourcecode.swift; path = MainHeaderView.swift; sourceTree = "<group>"; };
		929055B328A28ECC007E33A6 /* MainMovieHeaderView.swift */ = {isa = PBXFileReference; lastKnownFileType = sourcecode.swift; path = MainMovieHeaderView.swift; sourceTree = "<group>"; };
		92AC0D392899F6FB001A3757 /* TMDBProject.app */ = {isa = PBXFileReference; explicitFileType = wrapper.application; includeInIndex = 0; path = TMDBProject.app; sourceTree = BUILT_PRODUCTS_DIR; };
		92AC0D3C2899F6FB001A3757 /* AppDelegate.swift */ = {isa = PBXFileReference; lastKnownFileType = sourcecode.swift; path = AppDelegate.swift; sourceTree = "<group>"; };
		92AC0D3E2899F6FB001A3757 /* SceneDelegate.swift */ = {isa = PBXFileReference; lastKnownFileType = sourcecode.swift; path = SceneDelegate.swift; sourceTree = "<group>"; };
		92AC0D402899F6FB001A3757 /* MainViewController.swift */ = {isa = PBXFileReference; lastKnownFileType = sourcecode.swift; path = MainViewController.swift; sourceTree = "<group>"; };
		92AC0D432899F6FB001A3757 /* Base */ = {isa = PBXFileReference; lastKnownFileType = file.storyboard; name = Base; path = Base.lproj/Main.storyboard; sourceTree = "<group>"; };
		92AC0D452899F6FC001A3757 /* Assets.xcassets */ = {isa = PBXFileReference; lastKnownFileType = folder.assetcatalog; path = Assets.xcassets; sourceTree = "<group>"; };
		92AC0D482899F6FC001A3757 /* Base */ = {isa = PBXFileReference; lastKnownFileType = file.storyboard; name = Base; path = Base.lproj/LaunchScreen.storyboard; sourceTree = "<group>"; };
		92AC0D4A2899F6FC001A3757 /* Info.plist */ = {isa = PBXFileReference; lastKnownFileType = text.plist.xml; path = Info.plist; sourceTree = "<group>"; };
		92AC0D502899F7D3001A3757 /* .gitignore */ = {isa = PBXFileReference; lastKnownFileType = text; path = .gitignore; sourceTree = "<group>"; };
		92AC0D5A2899F92D001A3757 /* APIKey.swift */ = {isa = PBXFileReference; lastKnownFileType = sourcecode.swift; path = APIKey.swift; sourceTree = "<group>"; };
		92AC0D61289A7B0D001A3757 /* URLConstant.swift */ = {isa = PBXFileReference; lastKnownFileType = sourcecode.swift; path = URLConstant.swift; sourceTree = "<group>"; };
		92AC0D64289A7B96001A3757 /* Trend.storyboard */ = {isa = PBXFileReference; lastKnownFileType = file.storyboard; path = Trend.storyboard; sourceTree = "<group>"; };
		92AC0D6A289A7BDE001A3757 /* TrendingMediaViewController.swift */ = {isa = PBXFileReference; lastKnownFileType = sourcecode.swift; path = TrendingMediaViewController.swift; sourceTree = "<group>"; };
		92AC0D74289A89A7001A3757 /* TrendingMediaResponse.swift */ = {isa = PBXFileReference; lastKnownFileType = sourcecode.swift; path = TrendingMediaResponse.swift; sourceTree = "<group>"; };
		92AC0D78289AA79B001A3757 /* TrendingMediaCollectionViewCell.swift */ = {isa = PBXFileReference; lastKnownFileType = sourcecode.swift; path = TrendingMediaCollectionViewCell.swift; sourceTree = "<group>"; };
		92AC0D79289AA79B001A3757 /* TrendingMediaCollectionViewCell.xib */ = {isa = PBXFileReference; lastKnownFileType = file.xib; path = TrendingMediaCollectionViewCell.xib; sourceTree = "<group>"; };
		92AC0D7E289AA81F001A3757 /* ReusableViewProtocol.swift */ = {isa = PBXFileReference; lastKnownFileType = sourcecode.swift; path = ReusableViewProtocol.swift; sourceTree = "<group>"; };
		92AC0D81289AB684001A3757 /* CALayer+Extension.swift */ = {isa = PBXFileReference; lastKnownFileType = sourcecode.swift; path = "CALayer+Extension.swift"; sourceTree = "<group>"; };
		92AC0D83289ABA17001A3757 /* String+Extension.swift */ = {isa = PBXFileReference; lastKnownFileType = sourcecode.swift; path = "String+Extension.swift"; sourceTree = "<group>"; };
		92AC0D85289ABA31001A3757 /* Date+Extension.swift */ = {isa = PBXFileReference; lastKnownFileType = sourcecode.swift; path = "Date+Extension.swift"; sourceTree = "<group>"; };
/* End PBXFileReference section */

/* Begin PBXFrameworksBuildPhase section */
		92AC0D362899F6FB001A3757 /* Frameworks */ = {
			isa = PBXFrameworksBuildPhase;
			buildActionMask = 2147483647;
			files = (
				923D8ABC28AB8669003C143B /* Kingfisher in Frameworks */,
				923D8AB928AB8658003C143B /* SwiftyJSON in Frameworks */,
				923D8AB628AB864B003C143B /* Alamofire in Frameworks */,
			);
			runOnlyForDeploymentPostprocessing = 0;
		};
/* End PBXFrameworksBuildPhase section */

/* Begin PBXGroup section */
		92002110289BAB3C00C2BE5C /* Trending */ = {
			isa = PBXGroup;
			children = (
				92AC0D78289AA79B001A3757 /* TrendingMediaCollectionViewCell.swift */,
				92AC0D79289AA79B001A3757 /* TrendingMediaCollectionViewCell.xib */,
			);
			path = Trending;
			sourceTree = "<group>";
		};
		92002111289BAB4800C2BE5C /* Detail */ = {
			isa = PBXGroup;
			children = (
				92002114289BAB8A00C2BE5C /* CastTableViewCell.swift */,
				92002115289BAB8A00C2BE5C /* CastTableViewCell.xib */,
				92002118289BABC500C2BE5C /* OverviewTableViewCell.swift */,
				92002119289BABC500C2BE5C /* OverviewTableViewCell.xib */,
				92002124289C21A800C2BE5C /* DetailHeaderView.swift */,
			);
			path = Detail;
			sourceTree = "<group>";
		};
		92002112289BAB6300C2BE5C /* Trending */ = {
			isa = PBXGroup;
			children = (
				92AC0D6A289A7BDE001A3757 /* TrendingMediaViewController.swift */,
				927EF5E0289AC72600C83A0F /* NavigationViewController.swift */,
				927AFD5C28A11EBD00A8BBEB /* VideoWebViewController.swift */,
			);
			path = Trending;
			sourceTree = "<group>";
		};
		92002113289BAB6A00C2BE5C /* Detail */ = {
			isa = PBXGroup;
			children = (
				9200210C289BA07700C2BE5C /* MediaDetailViewController.swift */,
			);
			path = Detail;
			sourceTree = "<group>";
		};
		923D8ABE28AB8704003C143B /* Products */ = {
			isa = PBXGroup;
			children = (
				923D8AC328AB8704003C143B /* SokyteUIFramework.framework */,
				923D8AC528AB8704003C143B /* SokyteUIFrameworkTests.xctest */,
			);
			name = Products;
			sourceTree = "<group>";
		};
		927A8AF728A3C4770029892F /* Movie */ = {
			isa = PBXGroup;
			children = (
				927A8AF528A3C4730029892F /* TMDBMovieAPIManager.swift */,
			);
			path = Movie;
			sourceTree = "<group>";
		};
		927AFD1528A078B300A8BBEB /* APIManager */ = {
			isa = PBXGroup;
			children = (
				927A8AF728A3C4770029892F /* Movie */,
				927AFD1628A078C300A8BBEB /* TrendingMediaAPIManager.swift */,
				927AFD1828A08B5800A8BBEB /* MediaCreditAPIManager.swift */,
				927AFD5E28A1206B00A8BBEB /* MediaVideoAPIManager.swift */,
			);
			path = APIManager;
			sourceTree = "<group>";
		};
		928A2A0B28A4FFAB0033FEC8 /* MyMedia */ = {
			isa = PBXGroup;
			children = (
				928A2A1228A5008C0033FEC8 /* Model */,
				928A2A1128A500830033FEC8 /* View */,
				928A2A1028A5007B0033FEC8 /* Controller */,
			);
			path = MyMedia;
			sourceTree = "<group>";
		};
		928A2A1028A5007B0033FEC8 /* Controller */ = {
			isa = PBXGroup;
			children = (
				928A2A0C28A4FFCB0033FEC8 /* MapViewController.swift */,
			);
			path = Controller;
			sourceTree = "<group>";
		};
		928A2A1128A500830033FEC8 /* View */ = {
			isa = PBXGroup;
			children = (
				928A2A0E28A500160033FEC8 /* MyMedia.storyboard */,
			);
			path = View;
			sourceTree = "<group>";
		};
		928A2A1228A5008C0033FEC8 /* Model */ = {
			isa = PBXGroup;
			children = (
				928A2A1328A500E30033FEC8 /* TheaterDataModel.swift */,
			);
			path = Model;
			sourceTree = "<group>";
		};
		9290559D28A256CC007E33A6 /* Model */ = {
			isa = PBXGroup;
			children = (
				927A8AF328A3C2610029892F /* MainTableViewSection.swift */,
				927A8AF828A3CA830029892F /* MovieResponse.swift */,
				927A8AFF28A475AB0029892F /* MovieDetailResponse.swift */,
			);
			path = Model;
			sourceTree = "<group>";
		};
		9290559E28A256D2007E33A6 /* View */ = {
			isa = PBXGroup;
			children = (
				92AC0D422899F6FB001A3757 /* Main.storyboard */,
				929055AF28A26CAA007E33A6 /* MainHeaderView.xib */,
				929055B128A272EE007E33A6 /* MainHeaderView.swift */,
				929055AE28A26C89007E33A6 /* CollectionViewCell */,
				929055AD28A26C83007E33A6 /* TableViewCell */,
				929055B328A28ECC007E33A6 /* MainMovieHeaderView.swift */,
			);
			path = View;
			sourceTree = "<group>";
		};
		9290559F28A256DC007E33A6 /* Controller */ = {
			isa = PBXGroup;
			children = (
				92AC0D402899F6FB001A3757 /* MainViewController.swift */,
			);
			path = Controller;
			sourceTree = "<group>";
		};
		929055A428A25758007E33A6 /* View */ = {
			isa = PBXGroup;
			children = (
				929055A528A25773007E33A6 /* MediaCardView.xib */,
				929055A728A2578E007E33A6 /* MediaCardView.swift */,
			);
			path = View;
			sourceTree = "<group>";
		};
		929055AD28A26C83007E33A6 /* TableViewCell */ = {
			isa = PBXGroup;
			children = (
				929055A028A25716007E33A6 /* MainTableViewCell.swift */,
				929055A128A25716007E33A6 /* MainTableViewCell.xib */,
			);
			path = TableViewCell;
			sourceTree = "<group>";
		};
		929055AE28A26C89007E33A6 /* CollectionViewCell */ = {
			isa = PBXGroup;
			children = (
				929055A928A25B3B007E33A6 /* MainCollectionViewCell.swift */,
				929055AA28A25B3B007E33A6 /* MainCollectionViewCell.xib */,
			);
			path = CollectionViewCell;
			sourceTree = "<group>";
		};
		92AC0D302899F6FB001A3757 = {
			isa = PBXGroup;
			children = (
				923D8ABD28AB8704003C143B /* SokyteUIFramework.xcodeproj */,
				92AC0D502899F7D3001A3757 /* .gitignore */,
				92AC0D3B2899F6FB001A3757 /* TMDBProject */,
				92AC0D3A2899F6FB001A3757 /* Products */,
			);
			sourceTree = "<group>";
		};
		92AC0D3A2899F6FB001A3757 /* Products */ = {
			isa = PBXGroup;
			children = (
				92AC0D392899F6FB001A3757 /* TMDBProject.app */,
			);
			name = Products;
			sourceTree = "<group>";
		};
		92AC0D3B2899F6FB001A3757 /* TMDBProject */ = {
			isa = PBXGroup;
			children = (
				92AC0D7C289AA7DB001A3757 /* Global */,
				92AC0D542899F840001A3757 /* Network */,
				92AC0D532899F83A001A3757 /* Screen */,
				92AC0D522899F830001A3757 /* Resource */,
			);
			path = TMDBProject;
			sourceTree = "<group>";
		};
		92AC0D522899F830001A3757 /* Resource */ = {
			isa = PBXGroup;
			children = (
				92AC0D572899F893001A3757 /* Asset */,
				92AC0D562899F88A001A3757 /* Storyboard */,
				92AC0D552899F884001A3757 /* Support */,
			);
			path = Resource;
			sourceTree = "<group>";
		};
		92AC0D532899F83A001A3757 /* Screen */ = {
			isa = PBXGroup;
			children = (
				928A2A0B28A4FFAB0033FEC8 /* MyMedia */,
				92AC0D69289A7BC6001A3757 /* Main */,
				92AC0D63289A7B8B001A3757 /* Trend */,
			);
			path = Screen;
			sourceTree = "<group>";
		};
		92AC0D542899F840001A3757 /* Network */ = {
			isa = PBXGroup;
			children = (
				927AFD1528A078B300A8BBEB /* APIManager */,
				92AC0D592899F922001A3757 /* Base */,
			);
			path = Network;
			sourceTree = "<group>";
		};
		92AC0D552899F884001A3757 /* Support */ = {
			isa = PBXGroup;
			children = (
				92AC0D4A2899F6FC001A3757 /* Info.plist */,
				92AC0D3C2899F6FB001A3757 /* AppDelegate.swift */,
				92AC0D3E2899F6FB001A3757 /* SceneDelegate.swift */,
			);
			path = Support;
			sourceTree = "<group>";
		};
		92AC0D562899F88A001A3757 /* Storyboard */ = {
			isa = PBXGroup;
			children = (
				92AC0D472899F6FC001A3757 /* LaunchScreen.storyboard */,
			);
			path = Storyboard;
			sourceTree = "<group>";
		};
		92AC0D572899F893001A3757 /* Asset */ = {
			isa = PBXGroup;
			children = (
				92AC0D452899F6FC001A3757 /* Assets.xcassets */,
			);
			path = Asset;
			sourceTree = "<group>";
		};
		92AC0D592899F922001A3757 /* Base */ = {
			isa = PBXGroup;
			children = (
				92AC0D5A2899F92D001A3757 /* APIKey.swift */,
				92AC0D61289A7B0D001A3757 /* URLConstant.swift */,
				927AFD6028A12AC700A8BBEB /* EndPoint.swift */,
			);
			path = Base;
			sourceTree = "<group>";
		};
		92AC0D63289A7B8B001A3757 /* Trend */ = {
			isa = PBXGroup;
			children = (
				92AC0D68289A7BAB001A3757 /* Model */,
				92AC0D66289A7B9B001A3757 /* View */,
				92AC0D67289A7BA3001A3757 /* Controller */,
			);
			path = Trend;
			sourceTree = "<group>";
		};
		92AC0D66289A7B9B001A3757 /* View */ = {
			isa = PBXGroup;
			children = (
				92AC0D64289A7B96001A3757 /* Trend.storyboard */,
				92002110289BAB3C00C2BE5C /* Trending */,
				92002111289BAB4800C2BE5C /* Detail */,
			);
			path = View;
			sourceTree = "<group>";
		};
		92AC0D67289A7BA3001A3757 /* Controller */ = {
			isa = PBXGroup;
			children = (
				92002112289BAB6300C2BE5C /* Trending */,
				92002113289BAB6A00C2BE5C /* Detail */,
			);
			path = Controller;
			sourceTree = "<group>";
		};
		92AC0D68289A7BAB001A3757 /* Model */ = {
			isa = PBXGroup;
			children = (
				9200210A289B970500C2BE5C /* MediaType.swift */,
				92AC0D74289A89A7001A3757 /* TrendingMediaResponse.swift */,
				9200210E289BA83700C2BE5C /* CastResponse.swift */,
			);
			path = Model;
			sourceTree = "<group>";
		};
		92AC0D69289A7BC6001A3757 /* Main */ = {
			isa = PBXGroup;
			children = (
				9290559D28A256CC007E33A6 /* Model */,
				9290559E28A256D2007E33A6 /* View */,
				9290559F28A256DC007E33A6 /* Controller */,
			);
			path = Main;
			sourceTree = "<group>";
		};
		92AC0D7C289AA7DB001A3757 /* Global */ = {
			isa = PBXGroup;
			children = (
				929055A428A25758007E33A6 /* View */,
				92AC0D80289AB67A001A3757 /* Extension */,
				92AC0D7D289AA7FC001A3757 /* Protocol */,
			);
			path = Global;
			sourceTree = "<group>";
		};
		92AC0D7D289AA7FC001A3757 /* Protocol */ = {
			isa = PBXGroup;
			children = (
				92AC0D7E289AA81F001A3757 /* ReusableViewProtocol.swift */,
			);
			path = Protocol;
			sourceTree = "<group>";
		};
		92AC0D80289AB67A001A3757 /* Extension */ = {
			isa = PBXGroup;
			children = (
				92AC0D81289AB684001A3757 /* CALayer+Extension.swift */,
				92AC0D83289ABA17001A3757 /* String+Extension.swift */,
				92AC0D85289ABA31001A3757 /* Date+Extension.swift */,
				927EF5E2289ACB0000C83A0F /* UIImageView+Extension.swift */,
				927AFD6228A12B1600A8BBEB /* URL+Extension.swift */,
				927A8AFD28A472E10029892F /* UIViewController+Extension.swift */,
			);
			path = Extension;
			sourceTree = "<group>";
		};
/* End PBXGroup section */

/* Begin PBXNativeTarget section */
		92AC0D382899F6FB001A3757 /* TMDBProject */ = {
			isa = PBXNativeTarget;
			buildConfigurationList = 92AC0D4D2899F6FC001A3757 /* Build configuration list for PBXNativeTarget "TMDBProject" */;
			buildPhases = (
				92AC0D352899F6FB001A3757 /* Sources */,
				92AC0D362899F6FB001A3757 /* Frameworks */,
				92AC0D372899F6FB001A3757 /* Resources */,
			);
			buildRules = (
			);
			dependencies = (
			);
			name = TMDBProject;
			packageProductDependencies = (
				923D8AB528AB864B003C143B /* Alamofire */,
				923D8AB828AB8658003C143B /* SwiftyJSON */,
				923D8ABB28AB8669003C143B /* Kingfisher */,
			);
			productName = TMDBProject;
			productReference = 92AC0D392899F6FB001A3757 /* TMDBProject.app */;
			productType = "com.apple.product-type.application";
		};
/* End PBXNativeTarget section */

/* Begin PBXProject section */
		92AC0D312899F6FB001A3757 /* Project object */ = {
			isa = PBXProject;
			attributes = {
				BuildIndependentTargetsInParallel = 1;
				LastSwiftUpdateCheck = 1340;
				LastUpgradeCheck = 1340;
				TargetAttributes = {
					92AC0D382899F6FB001A3757 = {
						CreatedOnToolsVersion = 13.4.1;
					};
				};
			};
			buildConfigurationList = 92AC0D342899F6FB001A3757 /* Build configuration list for PBXProject "TMDBProject" */;
			compatibilityVersion = "Xcode 13.0";
			developmentRegion = en;
			hasScannedForEncodings = 0;
			knownRegions = (
				en,
				Base,
			);
			mainGroup = 92AC0D302899F6FB001A3757;
			packageReferences = (
				923D8AB428AB864B003C143B /* XCRemoteSwiftPackageReference "Alamofire" */,
				923D8AB728AB8658003C143B /* XCRemoteSwiftPackageReference "SwiftyJSON" */,
				923D8ABA28AB8669003C143B /* XCRemoteSwiftPackageReference "Kingfisher" */,
			);
			productRefGroup = 92AC0D3A2899F6FB001A3757 /* Products */;
			projectDirPath = "";
			projectReferences = (
				{
					ProductGroup = 923D8ABE28AB8704003C143B /* Products */;
					ProjectRef = 923D8ABD28AB8704003C143B /* SokyteUIFramework.xcodeproj */;
				},
			);
			projectRoot = "";
			targets = (
				92AC0D382899F6FB001A3757 /* TMDBProject */,
			);
		};
/* End PBXProject section */

/* Begin PBXReferenceProxy section */
		923D8AC328AB8704003C143B /* SokyteUIFramework.framework */ = {
			isa = PBXReferenceProxy;
			fileType = wrapper.framework;
			path = SokyteUIFramework.framework;
			remoteRef = 923D8AC228AB8704003C143B /* PBXContainerItemProxy */;
			sourceTree = BUILT_PRODUCTS_DIR;
		};
		923D8AC528AB8704003C143B /* SokyteUIFrameworkTests.xctest */ = {
			isa = PBXReferenceProxy;
			fileType = wrapper.cfbundle;
			path = SokyteUIFrameworkTests.xctest;
			remoteRef = 923D8AC428AB8704003C143B /* PBXContainerItemProxy */;
			sourceTree = BUILT_PRODUCTS_DIR;
		};
/* End PBXReferenceProxy section */

/* Begin PBXResourcesBuildPhase section */
		92AC0D372899F6FB001A3757 /* Resources */ = {
			isa = PBXResourcesBuildPhase;
			buildActionMask = 2147483647;
			files = (
				929055B028A26CAA007E33A6 /* MainHeaderView.xib in Resources */,
				929055A328A25716007E33A6 /* MainTableViewCell.xib in Resources */,
				92AC0D65289A7B96001A3757 /* Trend.storyboard in Resources */,
				92002117289BAB8A00C2BE5C /* CastTableViewCell.xib in Resources */,
				92AC0D512899F7D3001A3757 /* .gitignore in Resources */,
				92AC0D7B289AA79B001A3757 /* TrendingMediaCollectionViewCell.xib in Resources */,
				9200211B289BABC500C2BE5C /* OverviewTableViewCell.xib in Resources */,
				928A2A0F28A500160033FEC8 /* MyMedia.storyboard in Resources */,
				92AC0D492899F6FC001A3757 /* LaunchScreen.storyboard in Resources */,
				92AC0D462899F6FC001A3757 /* Assets.xcassets in Resources */,
				929055AC28A25B3B007E33A6 /* MainCollectionViewCell.xib in Resources */,
				92AC0D442899F6FB001A3757 /* Main.storyboard in Resources */,
				929055A628A25773007E33A6 /* MediaCardView.xib in Resources */,
			);
			runOnlyForDeploymentPostprocessing = 0;
		};
/* End PBXResourcesBuildPhase section */

/* Begin PBXSourcesBuildPhase section */
		92AC0D352899F6FB001A3757 /* Sources */ = {
			isa = PBXSourcesBuildPhase;
			buildActionMask = 2147483647;
			files = (
				9200210F289BA83700C2BE5C /* CastResponse.swift in Sources */,
				927AFD5F28A1206B00A8BBEB /* MediaVideoAPIManager.swift in Sources */,
				9200210B289B970500C2BE5C /* MediaType.swift in Sources */,
				928A2A1428A500E30033FEC8 /* TheaterDataModel.swift in Sources */,
				929055A828A2578E007E33A6 /* MediaCardView.swift in Sources */,
				92AC0D412899F6FB001A3757 /* MainViewController.swift in Sources */,
				927EF5E1289AC72600C83A0F /* NavigationViewController.swift in Sources */,
				92002125289C21A800C2BE5C /* DetailHeaderView.swift in Sources */,
				927EF5E3289ACB0000C83A0F /* UIImageView+Extension.swift in Sources */,
				92AC0D84289ABA17001A3757 /* String+Extension.swift in Sources */,
				92AC0D3D2899F6FB001A3757 /* AppDelegate.swift in Sources */,
				929055B228A272EE007E33A6 /* MainHeaderView.swift in Sources */,
				927AFD5D28A11EBD00A8BBEB /* VideoWebViewController.swift in Sources */,
				929055A228A25716007E33A6 /* MainTableViewCell.swift in Sources */,
				927A8AF928A3CA830029892F /* MovieResponse.swift in Sources */,
				927A8B0028A475AB0029892F /* MovieDetailResponse.swift in Sources */,
				927A8AF628A3C4730029892F /* TMDBMovieAPIManager.swift in Sources */,
				929055B428A28ECC007E33A6 /* MainMovieHeaderView.swift in Sources */,
				92AC0D7F289AA81F001A3757 /* ReusableViewProtocol.swift in Sources */,
				92002116289BAB8A00C2BE5C /* CastTableViewCell.swift in Sources */,
				927A8AFE28A472E10029892F /* UIViewController+Extension.swift in Sources */,
				927AFD6128A12AC700A8BBEB /* EndPoint.swift in Sources */,
				92AC0D82289AB685001A3757 /* CALayer+Extension.swift in Sources */,
				927A8AF428A3C2610029892F /* MainTableViewSection.swift in Sources */,
				929055AB28A25B3B007E33A6 /* MainCollectionViewCell.swift in Sources */,
				92AC0D86289ABA31001A3757 /* Date+Extension.swift in Sources */,
				927AFD1728A078C300A8BBEB /* TrendingMediaAPIManager.swift in Sources */,
				92AC0D7A289AA79B001A3757 /* TrendingMediaCollectionViewCell.swift in Sources */,
				928A2A0D28A4FFCB0033FEC8 /* MapViewController.swift in Sources */,
				927AFD1928A08B5800A8BBEB /* MediaCreditAPIManager.swift in Sources */,
				92AC0D75289A89A7001A3757 /* TrendingMediaResponse.swift in Sources */,
				9200211A289BABC500C2BE5C /* OverviewTableViewCell.swift in Sources */,
				92AC0D5B2899F92D001A3757 /* APIKey.swift in Sources */,
				927AFD6328A12B1600A8BBEB /* URL+Extension.swift in Sources */,
				9200210D289BA07700C2BE5C /* MediaDetailViewController.swift in Sources */,
				92AC0D3F2899F6FB001A3757 /* SceneDelegate.swift in Sources */,
				92AC0D6B289A7BDE001A3757 /* TrendingMediaViewController.swift in Sources */,
				92AC0D62289A7B0D001A3757 /* URLConstant.swift in Sources */,
			);
			runOnlyForDeploymentPostprocessing = 0;
		};
/* End PBXSourcesBuildPhase section */

/* Begin PBXVariantGroup section */
		92AC0D422899F6FB001A3757 /* Main.storyboard */ = {
			isa = PBXVariantGroup;
			children = (
				92AC0D432899F6FB001A3757 /* Base */,
			);
			name = Main.storyboard;
			sourceTree = "<group>";
		};
		92AC0D472899F6FC001A3757 /* LaunchScreen.storyboard */ = {
			isa = PBXVariantGroup;
			children = (
				92AC0D482899F6FC001A3757 /* Base */,
			);
			name = LaunchScreen.storyboard;
			sourceTree = "<group>";
		};
/* End PBXVariantGroup section */

/* Begin XCBuildConfiguration section */
		92AC0D4B2899F6FC001A3757 /* Debug */ = {
			isa = XCBuildConfiguration;
			buildSettings = {
				ALWAYS_SEARCH_USER_PATHS = NO;
				CLANG_ANALYZER_NONNULL = YES;
				CLANG_ANALYZER_NUMBER_OBJECT_CONVERSION = YES_AGGRESSIVE;
				CLANG_CXX_LANGUAGE_STANDARD = "gnu++17";
				CLANG_ENABLE_MODULES = YES;
				CLANG_ENABLE_OBJC_ARC = YES;
				CLANG_ENABLE_OBJC_WEAK = YES;
				CLANG_WARN_BLOCK_CAPTURE_AUTORELEASING = YES;
				CLANG_WARN_BOOL_CONVERSION = YES;
				CLANG_WARN_COMMA = YES;
				CLANG_WARN_CONSTANT_CONVERSION = YES;
				CLANG_WARN_DEPRECATED_OBJC_IMPLEMENTATIONS = YES;
				CLANG_WARN_DIRECT_OBJC_ISA_USAGE = YES_ERROR;
				CLANG_WARN_DOCUMENTATION_COMMENTS = YES;
				CLANG_WARN_EMPTY_BODY = YES;
				CLANG_WARN_ENUM_CONVERSION = YES;
				CLANG_WARN_INFINITE_RECURSION = YES;
				CLANG_WARN_INT_CONVERSION = YES;
				CLANG_WARN_NON_LITERAL_NULL_CONVERSION = YES;
				CLANG_WARN_OBJC_IMPLICIT_RETAIN_SELF = YES;
				CLANG_WARN_OBJC_LITERAL_CONVERSION = YES;
				CLANG_WARN_OBJC_ROOT_CLASS = YES_ERROR;
				CLANG_WARN_QUOTED_INCLUDE_IN_FRAMEWORK_HEADER = YES;
				CLANG_WARN_RANGE_LOOP_ANALYSIS = YES;
				CLANG_WARN_STRICT_PROTOTYPES = YES;
				CLANG_WARN_SUSPICIOUS_MOVE = YES;
				CLANG_WARN_UNGUARDED_AVAILABILITY = YES_AGGRESSIVE;
				CLANG_WARN_UNREACHABLE_CODE = YES;
				CLANG_WARN__DUPLICATE_METHOD_MATCH = YES;
				COPY_PHASE_STRIP = NO;
				DEBUG_INFORMATION_FORMAT = dwarf;
				ENABLE_STRICT_OBJC_MSGSEND = YES;
				ENABLE_TESTABILITY = YES;
				GCC_C_LANGUAGE_STANDARD = gnu11;
				GCC_DYNAMIC_NO_PIC = NO;
				GCC_NO_COMMON_BLOCKS = YES;
				GCC_OPTIMIZATION_LEVEL = 0;
				GCC_PREPROCESSOR_DEFINITIONS = (
					"DEBUG=1",
					"$(inherited)",
				);
				GCC_WARN_64_TO_32_BIT_CONVERSION = YES;
				GCC_WARN_ABOUT_RETURN_TYPE = YES_ERROR;
				GCC_WARN_UNDECLARED_SELECTOR = YES;
				GCC_WARN_UNINITIALIZED_AUTOS = YES_AGGRESSIVE;
				GCC_WARN_UNUSED_FUNCTION = YES;
				GCC_WARN_UNUSED_VARIABLE = YES;
				IPHONEOS_DEPLOYMENT_TARGET = 15.5;
				MTL_ENABLE_DEBUG_INFO = INCLUDE_SOURCE;
				MTL_FAST_MATH = YES;
				ONLY_ACTIVE_ARCH = YES;
				SDKROOT = iphoneos;
				SWIFT_ACTIVE_COMPILATION_CONDITIONS = DEBUG;
				SWIFT_OPTIMIZATION_LEVEL = "-Onone";
			};
			name = Debug;
		};
		92AC0D4C2899F6FC001A3757 /* Release */ = {
			isa = XCBuildConfiguration;
			buildSettings = {
				ALWAYS_SEARCH_USER_PATHS = NO;
				CLANG_ANALYZER_NONNULL = YES;
				CLANG_ANALYZER_NUMBER_OBJECT_CONVERSION = YES_AGGRESSIVE;
				CLANG_CXX_LANGUAGE_STANDARD = "gnu++17";
				CLANG_ENABLE_MODULES = YES;
				CLANG_ENABLE_OBJC_ARC = YES;
				CLANG_ENABLE_OBJC_WEAK = YES;
				CLANG_WARN_BLOCK_CAPTURE_AUTORELEASING = YES;
				CLANG_WARN_BOOL_CONVERSION = YES;
				CLANG_WARN_COMMA = YES;
				CLANG_WARN_CONSTANT_CONVERSION = YES;
				CLANG_WARN_DEPRECATED_OBJC_IMPLEMENTATIONS = YES;
				CLANG_WARN_DIRECT_OBJC_ISA_USAGE = YES_ERROR;
				CLANG_WARN_DOCUMENTATION_COMMENTS = YES;
				CLANG_WARN_EMPTY_BODY = YES;
				CLANG_WARN_ENUM_CONVERSION = YES;
				CLANG_WARN_INFINITE_RECURSION = YES;
				CLANG_WARN_INT_CONVERSION = YES;
				CLANG_WARN_NON_LITERAL_NULL_CONVERSION = YES;
				CLANG_WARN_OBJC_IMPLICIT_RETAIN_SELF = YES;
				CLANG_WARN_OBJC_LITERAL_CONVERSION = YES;
				CLANG_WARN_OBJC_ROOT_CLASS = YES_ERROR;
				CLANG_WARN_QUOTED_INCLUDE_IN_FRAMEWORK_HEADER = YES;
				CLANG_WARN_RANGE_LOOP_ANALYSIS = YES;
				CLANG_WARN_STRICT_PROTOTYPES = YES;
				CLANG_WARN_SUSPICIOUS_MOVE = YES;
				CLANG_WARN_UNGUARDED_AVAILABILITY = YES_AGGRESSIVE;
				CLANG_WARN_UNREACHABLE_CODE = YES;
				CLANG_WARN__DUPLICATE_METHOD_MATCH = YES;
				COPY_PHASE_STRIP = NO;
				DEBUG_INFORMATION_FORMAT = "dwarf-with-dsym";
				ENABLE_NS_ASSERTIONS = NO;
				ENABLE_STRICT_OBJC_MSGSEND = YES;
				GCC_C_LANGUAGE_STANDARD = gnu11;
				GCC_NO_COMMON_BLOCKS = YES;
				GCC_WARN_64_TO_32_BIT_CONVERSION = YES;
				GCC_WARN_ABOUT_RETURN_TYPE = YES_ERROR;
				GCC_WARN_UNDECLARED_SELECTOR = YES;
				GCC_WARN_UNINITIALIZED_AUTOS = YES_AGGRESSIVE;
				GCC_WARN_UNUSED_FUNCTION = YES;
				GCC_WARN_UNUSED_VARIABLE = YES;
				IPHONEOS_DEPLOYMENT_TARGET = 15.5;
				MTL_ENABLE_DEBUG_INFO = NO;
				MTL_FAST_MATH = YES;
				SDKROOT = iphoneos;
				SWIFT_COMPILATION_MODE = wholemodule;
				SWIFT_OPTIMIZATION_LEVEL = "-O";
				VALIDATE_PRODUCT = YES;
			};
			name = Release;
		};
		92AC0D4E2899F6FC001A3757 /* Debug */ = {
			isa = XCBuildConfiguration;
			buildSettings = {
				ASSETCATALOG_COMPILER_APPICON_NAME = AppIcon;
				ASSETCATALOG_COMPILER_GLOBAL_ACCENT_COLOR_NAME = AccentColor;
				CODE_SIGN_STYLE = Automatic;
				CURRENT_PROJECT_VERSION = 1;
				DEVELOPMENT_TEAM = PU64TS56AD;
				GENERATE_INFOPLIST_FILE = YES;
				INFOPLIST_FILE = TMDBProject/Resource/Support/Info.plist;
				INFOPLIST_KEY_UIApplicationSupportsIndirectInputEvents = YES;
				INFOPLIST_KEY_UILaunchStoryboardName = LaunchScreen;
				INFOPLIST_KEY_UIMainStoryboardFile = Main;
				INFOPLIST_KEY_UISupportedInterfaceOrientations_iPad = "UIInterfaceOrientationPortrait UIInterfaceOrientationPortraitUpsideDown UIInterfaceOrientationLandscapeLeft UIInterfaceOrientationLandscapeRight";
				INFOPLIST_KEY_UISupportedInterfaceOrientations_iPhone = "UIInterfaceOrientationPortrait UIInterfaceOrientationLandscapeLeft UIInterfaceOrientationLandscapeRight";
				LD_RUNPATH_SEARCH_PATHS = (
					"$(inherited)",
					"@executable_path/Frameworks",
				);
				MARKETING_VERSION = 1.0;
				PRODUCT_BUNDLE_IDENTIFIER = soyeon.TMDBProject;
				PRODUCT_NAME = "$(TARGET_NAME)";
				SWIFT_EMIT_LOC_STRINGS = YES;
				SWIFT_VERSION = 5.0;
				TARGETED_DEVICE_FAMILY = "1,2";
			};
			name = Debug;
		};
		92AC0D4F2899F6FC001A3757 /* Release */ = {
			isa = XCBuildConfiguration;
			buildSettings = {
				ASSETCATALOG_COMPILER_APPICON_NAME = AppIcon;
				ASSETCATALOG_COMPILER_GLOBAL_ACCENT_COLOR_NAME = AccentColor;
				CODE_SIGN_STYLE = Automatic;
				CURRENT_PROJECT_VERSION = 1;
				DEVELOPMENT_TEAM = PU64TS56AD;
				GENERATE_INFOPLIST_FILE = YES;
				INFOPLIST_FILE = TMDBProject/Resource/Support/Info.plist;
				INFOPLIST_KEY_UIApplicationSupportsIndirectInputEvents = YES;
				INFOPLIST_KEY_UILaunchStoryboardName = LaunchScreen;
				INFOPLIST_KEY_UIMainStoryboardFile = Main;
				INFOPLIST_KEY_UISupportedInterfaceOrientations_iPad = "UIInterfaceOrientationPortrait UIInterfaceOrientationPortraitUpsideDown UIInterfaceOrientationLandscapeLeft UIInterfaceOrientationLandscapeRight";
				INFOPLIST_KEY_UISupportedInterfaceOrientations_iPhone = "UIInterfaceOrientationPortrait UIInterfaceOrientationLandscapeLeft UIInterfaceOrientationLandscapeRight";
				LD_RUNPATH_SEARCH_PATHS = (
					"$(inherited)",
					"@executable_path/Frameworks",
				);
				MARKETING_VERSION = 1.0;
				PRODUCT_BUNDLE_IDENTIFIER = soyeon.TMDBProject;
				PRODUCT_NAME = "$(TARGET_NAME)";
				SWIFT_EMIT_LOC_STRINGS = YES;
				SWIFT_VERSION = 5.0;
				TARGETED_DEVICE_FAMILY = "1,2";
			};
			name = Release;
		};
/* End XCBuildConfiguration section */

/* Begin XCConfigurationList section */
		92AC0D342899F6FB001A3757 /* Build configuration list for PBXProject "TMDBProject" */ = {
			isa = XCConfigurationList;
			buildConfigurations = (
				92AC0D4B2899F6FC001A3757 /* Debug */,
				92AC0D4C2899F6FC001A3757 /* Release */,
			);
			defaultConfigurationIsVisible = 0;
			defaultConfigurationName = Release;
		};
		92AC0D4D2899F6FC001A3757 /* Build configuration list for PBXNativeTarget "TMDBProject" */ = {
			isa = XCConfigurationList;
			buildConfigurations = (
				92AC0D4E2899F6FC001A3757 /* Debug */,
				92AC0D4F2899F6FC001A3757 /* Release */,
			);
			defaultConfigurationIsVisible = 0;
			defaultConfigurationName = Release;
		};
/* End XCConfigurationList section */

/* Begin XCRemoteSwiftPackageReference section */
		923D8AB428AB864B003C143B /* XCRemoteSwiftPackageReference "Alamofire" */ = {
			isa = XCRemoteSwiftPackageReference;
			repositoryURL = "https://github.com/Alamofire/Alamofire.git";
			requirement = {
				branch = master;
				kind = branch;
			};
		};
		923D8AB728AB8658003C143B /* XCRemoteSwiftPackageReference "SwiftyJSON" */ = {
			isa = XCRemoteSwiftPackageReference;
			repositoryURL = "https://github.com/SwiftyJSON/SwiftyJSON";
			requirement = {
				kind = upToNextMajorVersion;
				minimumVersion = 5.0.0;
			};
		};
		923D8ABA28AB8669003C143B /* XCRemoteSwiftPackageReference "Kingfisher" */ = {
			isa = XCRemoteSwiftPackageReference;
			repositoryURL = "https://github.com/onevcat/Kingfisher.git";
			requirement = {
				branch = master;
				kind = branch;
			};
		};
/* End XCRemoteSwiftPackageReference section */

/* Begin XCSwiftPackageProductDependency section */
		923D8AB528AB864B003C143B /* Alamofire */ = {
			isa = XCSwiftPackageProductDependency;
			package = 923D8AB428AB864B003C143B /* XCRemoteSwiftPackageReference "Alamofire" */;
			productName = Alamofire;
		};
		923D8AB828AB8658003C143B /* SwiftyJSON */ = {
			isa = XCSwiftPackageProductDependency;
			package = 923D8AB728AB8658003C143B /* XCRemoteSwiftPackageReference "SwiftyJSON" */;
			productName = SwiftyJSON;
		};
		923D8ABB28AB8669003C143B /* Kingfisher */ = {
			isa = XCSwiftPackageProductDependency;
			package = 923D8ABA28AB8669003C143B /* XCRemoteSwiftPackageReference "Kingfisher" */;
			productName = Kingfisher;
		};
/* End XCSwiftPackageProductDependency section */
	};
	rootObject = 92AC0D312899F6FB001A3757 /* Project object */;
}
